
Microsoft Visual Studio Solution File, Format Version 12.00
# Visual Studio Version 17
VisualStudioVersion = 17.14.36327.8
MinimumVisualStudioVersion = 10.0.40219.1
Project("{FAE04EC0-301F-11D3-BF4B-00C04F79EFBC}") = "Aufgabe1", "Aufgabengitbook\Aufgabe1.csproj", "{341195DB-7AEA-42D3-99CE-EC6B54088593}"
EndProject
Project("{FAE04EC0-301F-11D3-BF4B-00C04F79EFBC}") = "Aufgabe2", "Aufgabe2\Aufgabe2.csproj", "{C436B47E-D63A-4608-846F-5249709BA860}"
EndProject
Project("{FAE04EC0-301F-11D3-BF4B-00C04F79EFBC}") = "Aufgabe3", "Aufgabe3\Aufgabe3.csproj", "{4FE1B74A-72CA-414A-87FA-1F40DF754584}"
EndProject
Project("{FAE04EC0-301F-11D3-BF4B-00C04F79EFBC}") = "Aufgabe4", "Aufgabe 4\Aufgabe4.csproj", "{5490107E-54D7-4C9F-947D-B0E131F2C646}"
EndProject
Project("{FAE04EC0-301F-11D3-BF4B-00C04F79EFBC}") = "Aufgabe5", "Aufgabe5\Aufgabe5.csproj", "{DD2697BA-53D7-454F-AA9C-2D9908719541}"
EndProject
Project("{FAE04EC0-301F-11D3-BF4B-00C04F79EFBC}") = "Aufgabe6", "Aufgabe6\Aufgabe6.csproj", "{1B277611-6596-4F37-A65E-0D58559CB55F}"
EndProject
Project("{FAE04EC0-301F-11D3-BF4B-00C04F79EFBC}") = "Aufgabe7", "Aufgabe7\Aufgabe7.csproj", "{76028BF8-FA79-47D7-AE81-126AB0C35889}"
EndProject
Project("{FAE04EC0-301F-11D3-BF4B-00C04F79EFBC}") = "Aufgabe8", "Aufgabe8\Aufgabe8.csproj", "{419F437A-2301-4BE5-87E8-3F9BF692BB89}"
EndProject
Project("{FAE04EC0-301F-11D3-BF4B-00C04F79EFBC}") = "Aufgabe9", "Aufgabe9\Aufgabe9.csproj", "{23D1570B-9896-48C6-AAA6-8ADE2763DAD2}"
EndProject
Project("{FAE04EC0-301F-11D3-BF4B-00C04F79EFBC}") = "Aufgabe10", "Aufgabe10\Aufgabe10.csproj", "{C86A9F3F-648D-4684-A95D-CE4A9BADA286}"
EndProject
Project("{FAE04EC0-301F-11D3-BF4B-00C04F79EFBC}") = "Aufgabe11", "Aufgabe11\Aufgabe11.csproj", "{93097704-C365-46E7-9A56-4D3C41FCB77A}"
EndProject
Project("{FAE04EC0-301F-11D3-BF4B-00C04F79EFBC}") = "Aufgabe12", "Aufgabe12\Aufgabe12.csproj", "{B52463F1-3254-44E8-8359-FB04E1D0BE3E}"
EndProject
Project("{FAE04EC0-301F-11D3-BF4B-00C04F79EFBC}") = "Aufgabe13", "Aufgabe13\Aufgabe13.csproj", "{BE8CCF7A-4B04-48B1-ABB5-1BC240ACE775}"
EndProject
Project("{FAE04EC0-301F-11D3-BF4B-00C04F79EFBC}") = "Aufgabe14", "Aufgabe14\Aufgabe14.csproj", "{47169892-6CF1-47B8-82B1-8EC8868CF4E6}"
EndProject
Project("{FAE04EC0-301F-11D3-BF4B-00C04F79EFBC}") = "Aufgabe15", "Aufgabe15\Aufgabe15.csproj", "{303CF915-D0F4-477F-BBA0-4DC6A6993A43}"
EndProject
Project("{FAE04EC0-301F-11D3-BF4B-00C04F79EFBC}") = "Aufgabe16", "Aufgabe16\Aufgabe16.csproj", "{751B1246-675D-4BD2-B659-FBBAF2C9C533}"
EndProject
Project("{FAE04EC0-301F-11D3-BF4B-00C04F79EFBC}") = "Aufgabe17", "Aufgabe17\Aufgabe17.csproj", "{99DC08EA-964E-408C-BDA2-527394B82A86}"
EndProject
Project("{FAE04EC0-301F-11D3-BF4B-00C04F79EFBC}") = "Aufgabe19", "Aufgabe19\Aufgabe19.csproj", "{144EF954-75F8-48B4-A408-5479A3CD5949}"
EndProject
Project("{FAE04EC0-301F-11D3-BF4B-00C04F79EFBC}") = "Aufgabe18", "Aufgabe18\Aufgabe18.csproj", "{2FC732CA-49CF-4EBF-85F2-A32DA5642617}"
EndProject
Project("{FAE04EC0-301F-11D3-BF4B-00C04F79EFBC}") = "Aufgabe20", "Aufgabe20\Aufgabe20.csproj", "{31AB68C9-3A43-4546-A12D-203458324505}"
EndProject
Global
	GlobalSection(SolutionConfigurationPlatforms) = preSolution
		Debug|Any CPU = Debug|Any CPU
		Release|Any CPU = Release|Any CPU
	EndGlobalSection
	GlobalSection(ProjectConfigurationPlatforms) = postSolution
		{341195DB-7AEA-42D3-99CE-EC6B54088593}.Debug|Any CPU.ActiveCfg = Debug|Any CPU
		{341195DB-7AEA-42D3-99CE-EC6B54088593}.Debug|Any CPU.Build.0 = Debug|Any CPU
		{341195DB-7AEA-42D3-99CE-EC6B54088593}.Release|Any CPU.ActiveCfg = Release|Any CPU
		{341195DB-7AEA-42D3-99CE-EC6B54088593}.Release|Any CPU.Build.0 = Release|Any CPU
		{C436B47E-D63A-4608-846F-5249709BA860}.Debug|Any CPU.ActiveCfg = Debug|Any CPU
		{C436B47E-D63A-4608-846F-5249709BA860}.Debug|Any CPU.Build.0 = Debug|Any CPU
		{C436B47E-D63A-4608-846F-5249709BA860}.Release|Any CPU.ActiveCfg = Release|Any CPU
		{C436B47E-D63A-4608-846F-5249709BA860}.Release|Any CPU.Build.0 = Release|Any CPU
		{4FE1B74A-72CA-414A-87FA-1F40DF754584}.Debug|Any CPU.ActiveCfg = Debug|Any CPU
		{4FE1B74A-72CA-414A-87FA-1F40DF754584}.Debug|Any CPU.Build.0 = Debug|Any CPU
		{4FE1B74A-72CA-414A-87FA-1F40DF754584}.Release|Any CPU.ActiveCfg = Release|Any CPU
		{4FE1B74A-72CA-414A-87FA-1F40DF754584}.Release|Any CPU.Build.0 = Release|Any CPU
		{5490107E-54D7-4C9F-947D-B0E131F2C646}.Debug|Any CPU.ActiveCfg = Debug|Any CPU
		{5490107E-54D7-4C9F-947D-B0E131F2C646}.Debug|Any CPU.Build.0 = Debug|Any CPU
		{5490107E-54D7-4C9F-947D-B0E131F2C646}.Release|Any CPU.ActiveCfg = Release|Any CPU
		{5490107E-54D7-4C9F-947D-B0E131F2C646}.Release|Any CPU.Build.0 = Release|Any CPU
		{DD2697BA-53D7-454F-AA9C-2D9908719541}.Debug|Any CPU.ActiveCfg = Debug|Any CPU
		{DD2697BA-53D7-454F-AA9C-2D9908719541}.Debug|Any CPU.Build.0 = Debug|Any CPU
		{DD2697BA-53D7-454F-AA9C-2D9908719541}.Release|Any CPU.ActiveCfg = Release|Any CPU
		{DD2697BA-53D7-454F-AA9C-2D9908719541}.Release|Any CPU.Build.0 = Release|Any CPU
		{1B277611-6596-4F37-A65E-0D58559CB55F}.Debug|Any CPU.ActiveCfg = Debug|Any CPU
		{1B277611-6596-4F37-A65E-0D58559CB55F}.Debug|Any CPU.Build.0 = Debug|Any CPU
		{1B277611-6596-4F37-A65E-0D58559CB55F}.Release|Any CPU.ActiveCfg = Release|Any CPU
		{1B277611-6596-4F37-A65E-0D58559CB55F}.Release|Any CPU.Build.0 = Release|Any CPU
		{76028BF8-FA79-47D7-AE81-126AB0C35889}.Debug|Any CPU.ActiveCfg = Debug|Any CPU
		{76028BF8-FA79-47D7-AE81-126AB0C35889}.Debug|Any CPU.Build.0 = Debug|Any CPU
		{76028BF8-FA79-47D7-AE81-126AB0C35889}.Release|Any CPU.ActiveCfg = Release|Any CPU
		{76028BF8-FA79-47D7-AE81-126AB0C35889}.Release|Any CPU.Build.0 = Release|Any CPU
		{419F437A-2301-4BE5-87E8-3F9BF692BB89}.Debug|Any CPU.ActiveCfg = Debug|Any CPU
		{419F437A-2301-4BE5-87E8-3F9BF692BB89}.Debug|Any CPU.Build.0 = Debug|Any CPU
		{419F437A-2301-4BE5-87E8-3F9BF692BB89}.Release|Any CPU.ActiveCfg = Release|Any CPU
		{419F437A-2301-4BE5-87E8-3F9BF692BB89}.Release|Any CPU.Build.0 = Release|Any CPU
		{23D1570B-9896-48C6-AAA6-8ADE2763DAD2}.Debug|Any CPU.ActiveCfg = Debug|Any CPU
		{23D1570B-9896-48C6-AAA6-8ADE2763DAD2}.Debug|Any CPU.Build.0 = Debug|Any CPU
		{23D1570B-9896-48C6-AAA6-8ADE2763DAD2}.Release|Any CPU.ActiveCfg = Release|Any CPU
		{23D1570B-9896-48C6-AAA6-8ADE2763DAD2}.Release|Any CPU.Build.0 = Release|Any CPU
		{C86A9F3F-648D-4684-A95D-CE4A9BADA286}.Debug|Any CPU.ActiveCfg = Debug|Any CPU
		{C86A9F3F-648D-4684-A95D-CE4A9BADA286}.Debug|Any CPU.Build.0 = Debug|Any CPU
		{C86A9F3F-648D-4684-A95D-CE4A9BADA286}.Release|Any CPU.ActiveCfg = Release|Any CPU
		{C86A9F3F-648D-4684-A95D-CE4A9BADA286}.Release|Any CPU.Build.0 = Release|Any CPU
		{93097704-C365-46E7-9A56-4D3C41FCB77A}.Debug|Any CPU.ActiveCfg = Debug|Any CPU
		{93097704-C365-46E7-9A56-4D3C41FCB77A}.Debug|Any CPU.Build.0 = Debug|Any CPU
		{93097704-C365-46E7-9A56-4D3C41FCB77A}.Release|Any CPU.ActiveCfg = Release|Any CPU
		{93097704-C365-46E7-9A56-4D3C41FCB77A}.Release|Any CPU.Build.0 = Release|Any CPU
		{B52463F1-3254-44E8-8359-FB04E1D0BE3E}.Debug|Any CPU.ActiveCfg = Debug|Any CPU
		{B52463F1-3254-44E8-8359-FB04E1D0BE3E}.Debug|Any CPU.Build.0 = Debug|Any CPU
		{B52463F1-3254-44E8-8359-FB04E1D0BE3E}.Release|Any CPU.ActiveCfg = Release|Any CPU
		{B52463F1-3254-44E8-8359-FB04E1D0BE3E}.Release|Any CPU.Build.0 = Release|Any CPU
		{BE8CCF7A-4B04-48B1-ABB5-1BC240ACE775}.Debug|Any CPU.ActiveCfg = Debug|Any CPU
		{BE8CCF7A-4B04-48B1-ABB5-1BC240ACE775}.Debug|Any CPU.Build.0 = Debug|Any CPU
		{BE8CCF7A-4B04-48B1-ABB5-1BC240ACE775}.Release|Any CPU.ActiveCfg = Release|Any CPU
		{BE8CCF7A-4B04-48B1-ABB5-1BC240ACE775}.Release|Any CPU.Build.0 = Release|Any CPU
		{47169892-6CF1-47B8-82B1-8EC8868CF4E6}.Debug|Any CPU.ActiveCfg = Debug|Any CPU
		{47169892-6CF1-47B8-82B1-8EC8868CF4E6}.Debug|Any CPU.Build.0 = Debug|Any CPU
		{47169892-6CF1-47B8-82B1-8EC8868CF4E6}.Release|Any CPU.ActiveCfg = Release|Any CPU
		{47169892-6CF1-47B8-82B1-8EC8868CF4E6}.Release|Any CPU.Build.0 = Release|Any CPU
		{303CF915-D0F4-477F-BBA0-4DC6A6993A43}.Debug|Any CPU.ActiveCfg = Debug|Any CPU
		{303CF915-D0F4-477F-BBA0-4DC6A6993A43}.Debug|Any CPU.Build.0 = Debug|Any CPU
		{303CF915-D0F4-477F-BBA0-4DC6A6993A43}.Release|Any CPU.ActiveCfg = Release|Any CPU
		{303CF915-D0F4-477F-BBA0-4DC6A6993A43}.Release|Any CPU.Build.0 = Release|Any CPU
		{751B1246-675D-4BD2-B659-FBBAF2C9C533}.Debug|Any CPU.ActiveCfg = Debug|Any CPU
		{751B1246-675D-4BD2-B659-FBBAF2C9C533}.Debug|Any CPU.Build.0 = Debug|Any CPU
		{751B1246-675D-4BD2-B659-FBBAF2C9C533}.Release|Any CPU.ActiveCfg = Release|Any CPU
		{751B1246-675D-4BD2-B659-FBBAF2C9C533}.Release|Any CPU.Build.0 = Release|Any CPU
		{99DC08EA-964E-408C-BDA2-527394B82A86}.Debug|Any CPU.ActiveCfg = Debug|Any CPU
		{99DC08EA-964E-408C-BDA2-527394B82A86}.Debug|Any CPU.Build.0 = Debug|Any CPU
		{99DC08EA-964E-408C-BDA2-527394B82A86}.Release|Any CPU.ActiveCfg = Release|Any CPU
		{99DC08EA-964E-408C-BDA2-527394B82A86}.Release|Any CPU.Build.0 = Release|Any CPU
		{144EF954-75F8-48B4-A408-5479A3CD5949}.Debug|Any CPU.ActiveCfg = Debug|Any CPU
		{144EF954-75F8-48B4-A408-5479A3CD5949}.Debug|Any CPU.Build.0 = Debug|Any CPU
		{144EF954-75F8-48B4-A408-5479A3CD5949}.Release|Any CPU.ActiveCfg = Release|Any CPU
		{144EF954-75F8-48B4-A408-5479A3CD5949}.Release|Any CPU.Build.0 = Release|Any CPU
		{2FC732CA-49CF-4EBF-85F2-A32DA5642617}.Debug|Any CPU.ActiveCfg = Debug|Any CPU
		{2FC732CA-49CF-4EBF-85F2-A32DA5642617}.Debug|Any CPU.Build.0 = Debug|Any CPU
		{2FC732CA-49CF-4EBF-85F2-A32DA5642617}.Release|Any CPU.ActiveCfg = Release|Any CPU
		{2FC732CA-49CF-4EBF-85F2-A32DA5642617}.Release|Any CPU.Build.0 = Release|Any CPU
		{31AB68C9-3A43-4546-A12D-203458324505}.Debug|Any CPU.ActiveCfg = Debug|Any CPU
		{31AB68C9-3A43-4546-A12D-203458324505}.Debug|Any CPU.Build.0 = Debug|Any CPU
		{31AB68C9-3A43-4546-A12D-203458324505}.Release|Any CPU.ActiveCfg = Release|Any CPU
		{31AB68C9-3A43-4546-A12D-203458324505}.Release|Any CPU.Build.0 = Release|Any CPU
	EndGlobalSection
	GlobalSection(SolutionProperties) = preSolution
		HideSolutionNode = FALSE
	EndGlobalSection
	GlobalSection(ExtensibilityGlobals) = postSolution
		SolutionGuid = {71614810-B549-414A-A3C4-A34568595119}
	EndGlobalSection
EndGlobal
